
Microsoft Visual Studio Solution File, Format Version 12.00
# Visual Studio 15
VisualStudioVersion = 15.0.26430.14
MinimumVisualStudioVersion = 10.0.40219.1
Project("{FAE04EC0-301F-11D3-BF4B-00C04F79EFBC}") = "CQuest", "CQuest\CQuest.csproj", "{57B2BC7B-8D02-4FF3-A243-15426E5C459B}"
EndProject
Project("{FAE04EC0-301F-11D3-BF4B-00C04F79EFBC}") = "CCore", "CCore\CCore.csproj", "{06BFAFF4-3EF8-4531-9B59-7667C4CC70E4}"
EndProject
Global
	GlobalSection(SolutionConfigurationPlatforms) = preSolution
		Debug|Any CPU = Debug|Any CPU
		Release|Any CPU = Release|Any CPU
	EndGlobalSection
	GlobalSection(ProjectConfigurationPlatforms) = postSolution
		{57B2BC7B-8D02-4FF3-A243-15426E5C459B}.Debug|Any CPU.ActiveCfg = Debug|Any CPU
		{57B2BC7B-8D02-4FF3-A243-15426E5C459B}.Debug|Any CPU.Build.0 = Debug|Any CPU
		{57B2BC7B-8D02-4FF3-A243-15426E5C459B}.Release|Any CPU.ActiveCfg = Release|Any CPU
		{57B2BC7B-8D02-4FF3-A243-15426E5C459B}.Release|Any CPU.Build.0 = Release|Any CPU
		{06BFAFF4-3EF8-4531-9B59-7667C4CC70E4}.Debug|Any CPU.ActiveCfg = Debug|Any CPU
		{06BFAFF4-3EF8-4531-9B59-7667C4CC70E4}.Debug|Any CPU.Build.0 = Debug|Any CPU
		{06BFAFF4-3EF8-4531-9B59-7667C4CC70E4}.Release|Any CPU.ActiveCfg = Release|Any CPU
		{06BFAFF4-3EF8-4531-9B59-7667C4CC70E4}.Release|Any CPU.Build.0 = Release|Any CPU
	EndGlobalSection
	GlobalSection(SolutionProperties) = preSolution
		HideSolutionNode = FALSE
	EndGlobalSection
EndGlobal
